
Microsoft Visual Studio Solution File, Format Version 12.00
# Visual Studio 2012
Project("{8BC9CEB8-8B4A-11D0-8D11-00A0C91BC942}") = "考第一题", "考第一题.vcxproj", "{401571BB-DA19-434B-8CCF-894A4B84AF2B}"
EndProject
Global
	GlobalSection(SolutionConfigurationPlatforms) = preSolution
		Debug|Win32 = Debug|Win32
		Release|Win32 = Release|Win32
	EndGlobalSection
	GlobalSection(ProjectConfigurationPlatforms) = postSolution
		{401571BB-DA19-434B-8CCF-894A4B84AF2B}.Debug|Win32.ActiveCfg = Debug|Win32
		{401571BB-DA19-434B-8CCF-894A4B84AF2B}.Debug|Win32.Build.0 = Debug|Win32
		{401571BB-DA19-434B-8CCF-894A4B84AF2B}.Release|Win32.ActiveCfg = Release|Win32
		{401571BB-DA19-434B-8CCF-894A4B84AF2B}.Release|Win32.Build.0 = Release|Win32
	EndGlobalSection
	GlobalSection(SolutionProperties) = preSolution
		HideSolutionNode = FALSE
	EndGlobalSection
EndGlobal
