
Microsoft Visual Studio Solution File, Format Version 12.00
# Visual Studio 2012
Project("{8BC9CEB8-8B4A-11D0-8D11-00A0C91BC942}") = "有序链表类模板", "有序链表类模板.vcxproj", "{F158FA1C-4E28-4955-9D5F-CECAA1E60BB7}"
EndProject
Global
	GlobalSection(SolutionConfigurationPlatforms) = preSolution
		Debug|Win32 = Debug|Win32
		Release|Win32 = Release|Win32
	EndGlobalSection
	GlobalSection(ProjectConfigurationPlatforms) = postSolution
		{F158FA1C-4E28-4955-9D5F-CECAA1E60BB7}.Debug|Win32.ActiveCfg = Debug|Win32
		{F158FA1C-4E28-4955-9D5F-CECAA1E60BB7}.Debug|Win32.Build.0 = Debug|Win32
		{F158FA1C-4E28-4955-9D5F-CECAA1E60BB7}.Release|Win32.ActiveCfg = Release|Win32
		{F158FA1C-4E28-4955-9D5F-CECAA1E60BB7}.Release|Win32.Build.0 = Release|Win32
	EndGlobalSection
	GlobalSection(SolutionProperties) = preSolution
		HideSolutionNode = FALSE
	EndGlobalSection
EndGlobal
