
Microsoft Visual Studio Solution File, Format Version 12.00
# Visual Studio 2012
Project("{8BC9CEB8-8B4A-11D0-8D11-00A0C91BC942}") = "3乘以3矩阵转置", "3乘以3矩阵转置.vcxproj", "{9834E53C-FFCF-44A7-9F0A-5C2B892F4A05}"
EndProject
Global
	GlobalSection(SolutionConfigurationPlatforms) = preSolution
		Debug|Win32 = Debug|Win32
		Release|Win32 = Release|Win32
	EndGlobalSection
	GlobalSection(ProjectConfigurationPlatforms) = postSolution
		{9834E53C-FFCF-44A7-9F0A-5C2B892F4A05}.Debug|Win32.ActiveCfg = Debug|Win32
		{9834E53C-FFCF-44A7-9F0A-5C2B892F4A05}.Debug|Win32.Build.0 = Debug|Win32
		{9834E53C-FFCF-44A7-9F0A-5C2B892F4A05}.Release|Win32.ActiveCfg = Release|Win32
		{9834E53C-FFCF-44A7-9F0A-5C2B892F4A05}.Release|Win32.Build.0 = Release|Win32
	EndGlobalSection
	GlobalSection(SolutionProperties) = preSolution
		HideSolutionNode = FALSE
	EndGlobalSection
EndGlobal
