
Microsoft Visual Studio Solution File, Format Version 12.00
# Visual Studio 2012
Project("{8BC9CEB8-8B4A-11D0-8D11-00A0C91BC942}") = "链表基本操作", "链表基本操作.vcxproj", "{86517CC0-9FD8-4B8D-BF29-11E79A1AFAB7}"
EndProject
Global
	GlobalSection(SolutionConfigurationPlatforms) = preSolution
		Debug|Win32 = Debug|Win32
		Release|Win32 = Release|Win32
	EndGlobalSection
	GlobalSection(ProjectConfigurationPlatforms) = postSolution
		{86517CC0-9FD8-4B8D-BF29-11E79A1AFAB7}.Debug|Win32.ActiveCfg = Debug|Win32
		{86517CC0-9FD8-4B8D-BF29-11E79A1AFAB7}.Debug|Win32.Build.0 = Debug|Win32
		{86517CC0-9FD8-4B8D-BF29-11E79A1AFAB7}.Release|Win32.ActiveCfg = Release|Win32
		{86517CC0-9FD8-4B8D-BF29-11E79A1AFAB7}.Release|Win32.Build.0 = Release|Win32
	EndGlobalSection
	GlobalSection(SolutionProperties) = preSolution
		HideSolutionNode = FALSE
	EndGlobalSection
EndGlobal
