
Microsoft Visual Studio Solution File, Format Version 12.00
# Visual Studio 2012
Project("{8BC9CEB8-8B4A-11D0-8D11-00A0C91BC942}") = "第四题重做", "第四题重做.vcxproj", "{03549917-CE72-4683-8498-1829A4BC8B5C}"
EndProject
Global
	GlobalSection(SolutionConfigurationPlatforms) = preSolution
		Debug|Win32 = Debug|Win32
		Release|Win32 = Release|Win32
	EndGlobalSection
	GlobalSection(ProjectConfigurationPlatforms) = postSolution
		{03549917-CE72-4683-8498-1829A4BC8B5C}.Debug|Win32.ActiveCfg = Debug|Win32
		{03549917-CE72-4683-8498-1829A4BC8B5C}.Debug|Win32.Build.0 = Debug|Win32
		{03549917-CE72-4683-8498-1829A4BC8B5C}.Release|Win32.ActiveCfg = Release|Win32
		{03549917-CE72-4683-8498-1829A4BC8B5C}.Release|Win32.Build.0 = Release|Win32
	EndGlobalSection
	GlobalSection(SolutionProperties) = preSolution
		HideSolutionNode = FALSE
	EndGlobalSection
EndGlobal
