
Microsoft Visual Studio Solution File, Format Version 12.00
# Visual Studio 2012
Project("{8BC9CEB8-8B4A-11D0-8D11-00A0C91BC942}") = "vehicle", "vehicle.vcxproj", "{AA65C645-C70D-4274-8F85-739F9A010C5E}"
EndProject
Global
	GlobalSection(SolutionConfigurationPlatforms) = preSolution
		Debug|Win32 = Debug|Win32
		Release|Win32 = Release|Win32
	EndGlobalSection
	GlobalSection(ProjectConfigurationPlatforms) = postSolution
		{AA65C645-C70D-4274-8F85-739F9A010C5E}.Debug|Win32.ActiveCfg = Debug|Win32
		{AA65C645-C70D-4274-8F85-739F9A010C5E}.Debug|Win32.Build.0 = Debug|Win32
		{AA65C645-C70D-4274-8F85-739F9A010C5E}.Release|Win32.ActiveCfg = Release|Win32
		{AA65C645-C70D-4274-8F85-739F9A010C5E}.Release|Win32.Build.0 = Release|Win32
	EndGlobalSection
	GlobalSection(SolutionProperties) = preSolution
		HideSolutionNode = FALSE
	EndGlobalSection
EndGlobal
